Microsoft Visual Studio Solution File, Format Version 12.00
# Visual Studio Version 16
VisualStudioVersion = 16.0.29926.136
MinimumVisualStudioVersion = 10.0.40219.1
Project("{FAE04EC0-301F-11D3-BF4B-00C04F79EFBC}") = "Model", "Model\Model.csproj", "{2FF3FCBA-908C-49E9-A8D1-2DC6D39E3551}"
EndProject
Project("{FAE04EC0-301F-11D3-BF4B-00C04F79EFBC}") = "Business", "Business\Business.csproj", "{1DED1C41-FE20-45E1-BF66-746F0663A105}"
	ProjectSection(ProjectDependencies) = postProject
		{BF5B4FB1-F81E-4937-A109-B2F1FF46B768} = {BF5B4FB1-F81E-4937-A109-B2F1FF46B768}
		{2FF3FCBA-908C-49E9-A8D1-2DC6D39E3551} = {2FF3FCBA-908C-49E9-A8D1-2DC6D39E3551}
		{024324FE-820B-4060-933E-C6AA80EB4292} = {024324FE-820B-4060-933E-C6AA80EB4292}
	EndProjectSection
EndProject
Project("{FAE04EC0-301F-11D3-BF4B-00C04F79EFBC}") = "SystemFrameworks", "SystemFrameworks\SystemFrameworks.csproj", "{BF5B4FB1-F81E-4937-A109-B2F1FF46B768}"
EndProject
Project("{FAE04EC0-301F-11D3-BF4B-00C04F79EFBC}") = "DataAccess", "DataAccess\DataAccess.csproj", "{024324FE-820B-4060-933E-C6AA80EB4292}"
	ProjectSection(ProjectDependencies) = postProject
		{BF5B4FB1-F81E-4937-A109-B2F1FF46B768} = {BF5B4FB1-F81E-4937-A109-B2F1FF46B768}
		{2FF3FCBA-908C-49E9-A8D1-2DC6D39E3551} = {2FF3FCBA-908C-49E9-A8D1-2DC6D39E3551}
	EndProjectSection
EndProject
Project("{E24C65DC-7377-472B-9ABA-BC803B73C61A}") = "WebUI", "WebUI\", "{013C607E-E0ED-4D51-839B-33272F8737FF}"
	ProjectSection(WebsiteProperties) = preProject
		TargetFrameworkMoniker = ".NETFramework,Version%3Dv4.0"
		ProjectReferences = "{1DED1C41-FE20-45E1-BF66-746F0663A105}|Light.EXP.Business.dll;"
		Debug.AspNetCompiler.VirtualPath = "/WebUI"
		Debug.AspNetCompiler.PhysicalPath = "WebUI\"
		Debug.AspNetCompiler.TargetPath = "PrecompiledWeb\WebUI\"
		Debug.AspNetCompiler.Updateable = "true"
		Debug.AspNetCompiler.ForceOverwrite = "true"
		Debug.AspNetCompiler.FixedNames = "false"
		Debug.AspNetCompiler.Debug = "True"
		Release.AspNetCompiler.VirtualPath = "/WebUI"
		Release.AspNetCompiler.PhysicalPath = "WebUI\"
		Release.AspNetCompiler.TargetPath = "PrecompiledWeb\WebUI\"
		Release.AspNetCompiler.Updateable = "true"
		Release.AspNetCompiler.ForceOverwrite = "true"
		Release.AspNetCompiler.FixedNames = "false"
		Release.AspNetCompiler.Debug = "False"
		VWDPort = "3882"
		SlnRelativePath = "WebUI\"
	EndProjectSection
EndProject
Global
	GlobalSection(SolutionConfigurationPlatforms) = preSolution
		Debug|.NET = Debug|.NET
		Debug|Any CPU = Debug|Any CPU
		Debug|Mixed Platforms = Debug|Mixed Platforms
		Release|.NET = Release|.NET
		Release|Any CPU = Release|Any CPU
		Release|Mixed Platforms = Release|Mixed Platforms
	EndGlobalSection
	GlobalSection(ProjectConfigurationPlatforms) = postSolution
		{2FF3FCBA-908C-49E9-A8D1-2DC6D39E3551}.Debug|.NET.ActiveCfg = Debug|Any CPU
		{2FF3FCBA-908C-49E9-A8D1-2DC6D39E3551}.Debug|Any CPU.ActiveCfg = Debug|Any CPU
		{2FF3FCBA-908C-49E9-A8D1-2DC6D39E3551}.Debug|Any CPU.Build.0 = Debug|Any CPU
		{2FF3FCBA-908C-49E9-A8D1-2DC6D39E3551}.Debug|Mixed Platforms.ActiveCfg = Debug|Any CPU
		{2FF3FCBA-908C-49E9-A8D1-2DC6D39E3551}.Debug|Mixed Platforms.Build.0 = Debug|Any CPU
		{2FF3FCBA-908C-49E9-A8D1-2DC6D39E3551}.Release|.NET.ActiveCfg = Release|Any CPU
		{2FF3FCBA-908C-49E9-A8D1-2DC6D39E3551}.Release|Any CPU.ActiveCfg = Release|Any CPU
		{2FF3FCBA-908C-49E9-A8D1-2DC6D39E3551}.Release|Any CPU.Build.0 = Release|Any CPU
		{2FF3FCBA-908C-49E9-A8D1-2DC6D39E3551}.Release|Mixed Platforms.ActiveCfg = Release|Any CPU
		{2FF3FCBA-908C-49E9-A8D1-2DC6D39E3551}.Release|Mixed Platforms.Build.0 = Release|Any CPU
		{1DED1C41-FE20-45E1-BF66-746F0663A105}.Debug|.NET.ActiveCfg = Debug|Any CPU
		{1DED1C41-FE20-45E1-BF66-746F0663A105}.Debug|Any CPU.ActiveCfg = Debug|Any CPU
		{1DED1C41-FE20-45E1-BF66-746F0663A105}.Debug|Any CPU.Build.0 = Debug|Any CPU
		{1DED1C41-FE20-45E1-BF66-746F0663A105}.Debug|Mixed Platforms.ActiveCfg = Debug|Any CPU
		{1DED1C41-FE20-45E1-BF66-746F0663A105}.Debug|Mixed Platforms.Build.0 = Debug|Any CPU
		{1DED1C41-FE20-45E1-BF66-746F0663A105}.Release|.NET.ActiveCfg = Release|Any CPU
		{1DED1C41-FE20-45E1-BF66-746F0663A105}.Release|Any CPU.ActiveCfg = Release|Any CPU
		{1DED1C41-FE20-45E1-BF66-746F0663A105}.Release|Any CPU.Build.0 = Release|Any CPU
		{1DED1C41-FE20-45E1-BF66-746F0663A105}.Release|Mixed Platforms.ActiveCfg = Release|Any CPU
		{1DED1C41-FE20-45E1-BF66-746F0663A105}.Release|Mixed Platforms.Build.0 = Release|Any CPU
		{BF5B4FB1-F81E-4937-A109-B2F1FF46B768}.Debug|.NET.ActiveCfg = Debug|Any CPU
		{BF5B4FB1-F81E-4937-A109-B2F1FF46B768}.Debug|.NET.Build.0 = Debug|Any CPU
		{BF5B4FB1-F81E-4937-A109-B2F1FF46B768}.Debug|Any CPU.ActiveCfg = Debug|Any CPU
		{BF5B4FB1-F81E-4937-A109-B2F1FF46B768}.Debug|Any CPU.Build.0 = Debug|Any CPU
		{BF5B4FB1-F81E-4937-A109-B2F1FF46B768}.Debug|Mixed Platforms.ActiveCfg = Debug|Any CPU
		{BF5B4FB1-F81E-4937-A109-B2F1FF46B768}.Debug|Mixed Platforms.Build.0 = Debug|Any CPU
		{BF5B4FB1-F81E-4937-A109-B2F1FF46B768}.Release|.NET.ActiveCfg = Release|Any CPU
		{BF5B4FB1-F81E-4937-A109-B2F1FF46B768}.Release|Any CPU.ActiveCfg = Release|Any CPU
		{BF5B4FB1-F81E-4937-A109-B2F1FF46B768}.Release|Any CPU.Build.0 = Release|Any CPU
		{BF5B4FB1-F81E-4937-A109-B2F1FF46B768}.Release|Mixed Platforms.ActiveCfg = Release|Any CPU
		{BF5B4FB1-F81E-4937-A109-B2F1FF46B768}.Release|Mixed Platforms.Build.0 = Release|Any CPU
		{024324FE-820B-4060-933E-C6AA80EB4292}.Debug|.NET.ActiveCfg = Debug|Any CPU
		{024324FE-820B-4060-933E-C6AA80EB4292}.Debug|Any CPU.ActiveCfg = Debug|Any CPU
		{024324FE-820B-4060-933E-C6AA80EB4292}.Debug|Any CPU.Build.0 = Debug|Any CPU
		{024324FE-820B-4060-933E-C6AA80EB4292}.Debug|Mixed Platforms.ActiveCfg = Debug|Any CPU
		{024324FE-820B-4060-933E-C6AA80EB4292}.Debug|Mixed Platforms.Build.0 = Debug|Any CPU
		{024324FE-820B-4060-933E-C6AA80EB4292}.Release|.NET.ActiveCfg = Release|Any CPU
		{024324FE-820B-4060-933E-C6AA80EB4292}.Release|Any CPU.ActiveCfg = Release|Any CPU
		{024324FE-820B-4060-933E-C6AA80EB4292}.Release|Any CPU.Build.0 = Release|Any CPU
		{024324FE-820B-4060-933E-C6AA80EB4292}.Release|Mixed Platforms.ActiveCfg = Release|Any CPU
		{024324FE-820B-4060-933E-C6AA80EB4292}.Release|Mixed Platforms.Build.0 = Release|Any CPU
		{013C607E-E0ED-4D51-839B-33272F8737FF}.Debug|.NET.ActiveCfg = Debug|Any CPU
		{013C607E-E0ED-4D51-839B-33272F8737FF}.Debug|Any CPU.ActiveCfg = Debug|Any CPU
		{013C607E-E0ED-4D51-839B-33272F8737FF}.Debug|Any CPU.Build.0 = Debug|Any CPU
		{013C607E-E0ED-4D51-839B-33272F8737FF}.Debug|Mixed Platforms.ActiveCfg = Debug|Any CPU
		{013C607E-E0ED-4D51-839B-33272F8737FF}.Debug|Mixed Platforms.Build.0 = Debug|Any CPU
		{013C607E-E0ED-4D51-839B-33272F8737FF}.Release|.NET.ActiveCfg = Debug|Any CPU
		{013C607E-E0ED-4D51-839B-33272F8737FF}.Release|.NET.Build.0 = Debug|Any CPU
		{013C607E-E0ED-4D51-839B-33272F8737FF}.Release|Any CPU.ActiveCfg = Debug|Any CPU
		{013C607E-E0ED-4D51-839B-33272F8737FF}.Release|Any CPU.Build.0 = Debug|Any CPU
		{013C607E-E0ED-4D51-839B-33272F8737FF}.Release|Mixed Platforms.ActiveCfg = Debug|Any CPU
		{013C607E-E0ED-4D51-839B-33272F8737FF}.Release|Mixed Platforms.Build.0 = Debug|Any CPU
	EndGlobalSection
	GlobalSection(SolutionProperties) = preSolution
		HideSolutionNode = FALSE
	EndGlobalSection
	GlobalSection(ExtensibilityGlobals) = postSolution
		SolutionGuid = {D5C87280-E973-4BA0-AA2C-18D2EE6199EE}
	EndGlobalSection
EndGlobal
